Microsoft Visual Studio Solution File, Format Version 12.00
# Visual Studio Version 17
VisualStudioVersion = 17.5.2.0
MinimumVisualStudioVersion = 10.0.40219.1
Project("{2150E333-8FDC-42A3-9474-1A3956D46DE8}") = "tests", "tests", "{0AB3BF05-4346-4AA6-1389-037BE0695223}"
EndProject
Project("{FAE04EC0-301F-11D3-BF4B-00C04F79EFBC}") = "Construtor", "tests\Construtor\Construtor.csproj", "{7DFFEEE7-DD37-13BD-0F96-9F6E263E5885}"
EndProject
Global
	GlobalSection(SolutionConfigurationPlatforms) = preSolution
		Debug|Any CPU = Debug|Any CPU
		Release|Any CPU = Release|Any CPU
	EndGlobalSection
	GlobalSection(ProjectConfigurationPlatforms) = postSolution
		{7DFFEEE7-DD37-13BD-0F96-9F6E263E5885}.Debug|Any CPU.ActiveCfg = Debug|Any CPU
		{7DFFEEE7-DD37-13BD-0F96-9F6E263E5885}.Debug|Any CPU.Build.0 = Debug|Any CPU
		{7DFFEEE7-DD37-13BD-0F96-9F6E263E5885}.Release|Any CPU.ActiveCfg = Release|Any CPU
		{7DFFEEE7-DD37-13BD-0F96-9F6E263E5885}.Release|Any CPU.Build.0 = Release|Any CPU
	EndGlobalSection
	GlobalSection(SolutionProperties) = preSolution
		HideSolutionNode = FALSE
	EndGlobalSection
	GlobalSection(NestedProjects) = preSolution
		{7DFFEEE7-DD37-13BD-0F96-9F6E263E5885} = {0AB3BF05-4346-4AA6-1389-037BE0695223}
	EndGlobalSection
	GlobalSection(ExtensibilityGlobals) = postSolution
		SolutionGuid = {66B0AF18-F682-4705-90D5-E27ADE5E0691}
	EndGlobalSection
EndGlobal
